
Microsoft Visual Studio Solution File, Format Version 12.00
# Visual Studio Version 16
VisualStudioVersion = 16.0.30621.155
MinimumVisualStudioVersion = 10.0.40219.1
Project("{9A19103F-16F7-4668-BE54-9A1E7A4F7556}") = "LearningKitCore", "LearningKitCore\LearningKitCore.csproj", "{89B370DB-8226-4694-B4D0-7826F3DD0038}"
EndProject
Global
	GlobalSection(SolutionConfigurationPlatforms) = preSolution
		Debug|Any CPU = Debug|Any CPU
		Release|Any CPU = Release|Any CPU
	EndGlobalSection
	GlobalSection(ProjectConfigurationPlatforms) = postSolution
		{89B370DB-8226-4694-B4D0-7826F3DD0038}.Debug|Any CPU.ActiveCfg = Debug|Any CPU
		{89B370DB-8226-4694-B4D0-7826F3DD0038}.Debug|Any CPU.Build.0 = Debug|Any CPU
		{89B370DB-8226-4694-B4D0-7826F3DD0038}.Release|Any CPU.ActiveCfg = Release|Any CPU
		{89B370DB-8226-4694-B4D0-7826F3DD0038}.Release|Any CPU.Build.0 = Release|Any CPU
	EndGlobalSection
	GlobalSection(SolutionProperties) = preSolution
		HideSolutionNode = FALSE
	EndGlobalSection
	GlobalSection(ExtensibilityGlobals) = postSolution
		SolutionGuid = {FA2ACA71-59DD-472E-8DAC-DF7B3CD01AB9}
	EndGlobalSection
EndGlobal
